// !$*UTF8*$!
{
	archiveVersion = 1;
	classes = {
	};
	objectVersion = 46;
	objects = {

/* Begin PBXBuildFile section */
		A0B8B44719F389D600FB075E /* main.m in Sources */ = {isa = PBXBuildFile; fileRef = A0B8B44619F389D600FB075E /* main.m */; };
		A0B8B44A19F389D600FB075E /* AppDelegate.m in Sources */ = {isa = PBXBuildFile; fileRef = A0B8B44919F389D600FB075E /* AppDelegate.m */; };
		A0B8B44D19F389D600FB075E /* ViewController.m in Sources */ = {isa = PBXBuildFile; fileRef = A0B8B44C19F389D600FB075E /* ViewController.m */; };
		A0B8B45019F389D600FB075E /* Main.storyboard in Resources */ = {isa = PBXBuildFile; fileRef = A0B8B44E19F389D600FB075E /* Main.storyboard */; };
		A0B8B45219F389D600FB075E /* Images.xcassets in Resources */ = {isa = PBXBuildFile; fileRef = A0B8B45119F389D600FB075E /* Images.xcassets */; };
		A0B8B45519F389D600FB075E /* LaunchScreen.xib in Resources */ = {isa = PBXBuildFile; fileRef = A0B8B45319F389D600FB075E /* LaunchScreen.xib */; };
		A0B8B46119F389D600FB075E /* BatchReporterDemoTests.m in Sources */ = {isa = PBXBuildFile; fileRef = A0B8B46019F389D600FB075E /* BatchReporterDemoTests.m */; };
		A0B8B46C19F38AD800FB075E /* KBLogReporterService.m in Sources */ = {isa = PBXBuildFile; fileRef = A0B8B46B19F38AD800FB075E /* KBLogReporterService.m */; };
		A0B8B47019F38BFB00FB075E /* KBLogEntity.m in Sources */ = {isa = PBXBuildFile; fileRef = A0B8B46F19F38BFB00FB075E /* KBLogEntity.m */; };
		A0B8B47319F3907200FB075E /* KBLogReporterFetcher.m in Sources */ = {isa = PBXBuildFile; fileRef = A0B8B47219F3907200FB075E /* KBLogReporterFetcher.m */; };
/* End PBXBuildFile section */

/* Begin PBXContainerItemProxy section */
		A0B8B45B19F389D600FB075E /* PBXContainerItemProxy */ = {
			isa = PBXContainerItemProxy;
			containerPortal = A0B8B43919F389D600FB075E /* Project object */;
			proxyType = 1;
			remoteGlobalIDString = A0B8B44019F389D600FB075E;
			remoteInfo = BatchReporterDemo;
		};
/* End PBXContainerItemProxy section */

/* Begin PBXFileReference section */
		A0B8B44119F389D600FB075E /* BatchReporterDemo.app */ = {isa = PBXFileReference; explicitFileType = wrapper.application; includeInIndex = 0; path = BatchReporterDemo.app; sourceTree = BUILT_PRODUCTS_DIR; };
		A0B8B44519F389D600FB075E /* Info.plist */ = {isa = PBXFileReference; lastKnownFileType = text.plist.xml; path = Info.plist; sourceTree = "<group>"; };
		A0B8B44619F389D600FB075E /* main.m */ = {isa = PBXFileReference; lastKnownFileType = sourcecode.c.objc; path = main.m; sourceTree = "<group>"; };
		A0B8B44819F389D600FB075E /* AppDelegate.h */ = {isa = PBXFileReference; lastKnownFileType = sourcecode.c.h; path = AppDelegate.h; sourceTree = "<group>"; };
		A0B8B44919F389D600FB075E /* AppDelegate.m */ = {isa = PBXFileReference; lastKnownFileType = sourcecode.c.objc; path = AppDelegate.m; sourceTree = "<group>"; };
		A0B8B44B19F389D600FB075E /* ViewController.h */ = {isa = PBXFileReference; lastKnownFileType = sourcecode.c.h; path = ViewController.h; sourceTree = "<group>"; };
		A0B8B44C19F389D600FB075E /* ViewController.m */ = {isa = PBXFileReference; lastKnownFileType = sourcecode.c.objc; path = ViewController.m; sourceTree = "<group>"; };
		A0B8B44F19F389D600FB075E /* Base */ = {isa = PBXFileReference; lastKnownFileType = file.storyboard; name = Base; path = Base.lproj/Main.storyboard; sourceTree = "<group>"; };
		A0B8B45119F389D600FB075E /* Images.xcassets */ = {isa = PBXFileReference; lastKnownFileType = folder.assetcatalog; path = Images.xcassets; sourceTree = "<group>"; };
		A0B8B45419F389D600FB075E /* Base */ = {isa = PBXFileReference; lastKnownFileType = file.xib; name = Base; path = Base.lproj/LaunchScreen.xib; sourceTree = "<group>"; };
		A0B8B45A19F389D600FB075E /* BatchReporterDemoTests.xctest */ = {isa = PBXFileReference; explicitFileType = wrapper.cfbundle; includeInIndex = 0; path = BatchReporterDemoTests.xctest; sourceTree = BUILT_PRODUCTS_DIR; };
		A0B8B45F19F389D600FB075E /* Info.plist */ = {isa = PBXFileReference; lastKnownFileType = text.plist.xml; path = Info.plist; sourceTree = "<group>"; };
		A0B8B46019F389D600FB075E /* BatchReporterDemoTests.m */ = {isa = PBXFileReference; lastKnownFileType = sourcecode.c.objc; path = BatchReporterDemoTests.m; sourceTree = "<group>"; };
		A0B8B46A19F38AD800FB075E /* KBLogReporterService.h */ = {isa = PBXFileReference; fileEncoding = 4; lastKnownFileType = sourcecode.c.h; name = KBLogReporterService.h; path = BatchReporterDemo/LogReporter/KBLogReporterService.h; sourceTree = "<group>"; };
		A0B8B46B19F38AD800FB075E /* KBLogReporterService.m */ = {isa = PBXFileReference; fileEncoding = 4; lastKnownFileType = sourcecode.c.objc; name = KBLogReporterService.m; path = BatchReporterDemo/LogReporter/KBLogReporterService.m; sourceTree = "<group>"; };
		A0B8B46E19F38BFB00FB075E /* KBLogEntity.h */ = {isa = PBXFileReference; fileEncoding = 4; lastKnownFileType = sourcecode.c.h; name = KBLogEntity.h; path = BatchReporterDemo/LogReporter/KBLogEntity.h; sourceTree = "<group>"; };
		A0B8B46F19F38BFB00FB075E /* KBLogEntity.m */ = {isa = PBXFileReference; fileEncoding = 4; lastKnownFileType = sourcecode.c.objc; name = KBLogEntity.m; path = BatchReporterDemo/LogReporter/KBLogEntity.m; sourceTree = "<group>"; };
		A0B8B47119F3907200FB075E /* KBLogReporterFetcher.h */ = {isa = PBXFileReference; fileEncoding = 4; lastKnownFileType = sourcecode.c.h; name = KBLogReporterFetcher.h; path = BatchReporterDemo/LogReporter/KBLogReporterFetcher.h; sourceTree = "<group>"; };
		A0B8B47219F3907200FB075E /* KBLogReporterFetcher.m */ = {isa = PBXFileReference; fileEncoding = 4; lastKnownFileType = sourcecode.c.objc; name = KBLogReporterFetcher.m; path = BatchReporterDemo/LogReporter/KBLogReporterFetcher.m; sourceTree = "<group>"; };
/* End PBXFileReference section */

/* Begin PBXFrameworksBuildPhase section */
		A0B8B43E19F389D600FB075E /* Frameworks */ = {
			isa = PBXFrameworksBuildPhase;
			buildActionMask = 2147483647;
			files = (
			);
			runOnlyForDeploymentPostprocessing = 0;
		};
		A0B8B45719F389D600FB075E /* Frameworks */ = {
			isa = PBXFrameworksBuildPhase;
			buildActionMask = 2147483647;
			files = (
			);
			runOnlyForDeploymentPostprocessing = 0;
		};
/* End PBXFrameworksBuildPhase section */

/* Begin PBXGroup section */
		A0B8B43819F389D600FB075E = {
			isa = PBXGroup;
			children = (
				A0B8B46D19F38ADC00FB075E /* LogReporter */,
				A0B8B44319F389D600FB075E /* BatchReporterDemo */,
				A0B8B45D19F389D600FB075E /* BatchReporterDemoTests */,
				A0B8B44219F389D600FB075E /* Products */,
			);
			sourceTree = "<group>";
		};
		A0B8B44219F389D600FB075E /* Products */ = {
			isa = PBXGroup;
			children = (
				A0B8B44119F389D600FB075E /* BatchReporterDemo.app */,
				A0B8B45A19F389D600FB075E /* BatchReporterDemoTests.xctest */,
			);
			name = Products;
			sourceTree = "<group>";
		};
		A0B8B44319F389D600FB075E /* BatchReporterDemo */ = {
			isa = PBXGroup;
			children = (
				A0B8B44819F389D600FB075E /* AppDelegate.h */,
				A0B8B44919F389D600FB075E /* AppDelegate.m */,
				A0B8B44B19F389D600FB075E /* ViewController.h */,
				A0B8B44C19F389D600FB075E /* ViewController.m */,
				A0B8B44E19F389D600FB075E /* Main.storyboard */,
				A0B8B45119F389D600FB075E /* Images.xcassets */,
				A0B8B45319F389D600FB075E /* LaunchScreen.xib */,
				A0B8B44419F389D600FB075E /* Supporting Files */,
			);
			path = BatchReporterDemo;
			sourceTree = "<group>";
		};
		A0B8B44419F389D600FB075E /* Supporting Files */ = {
			isa = PBXGroup;
			children = (
				A0B8B44519F389D600FB075E /* Info.plist */,
				A0B8B44619F389D600FB075E /* main.m */,
			);
			name = "Supporting Files";
			sourceTree = "<group>";
		};
		A0B8B45D19F389D600FB075E /* BatchReporterDemoTests */ = {
			isa = PBXGroup;
			children = (
				A0B8B46019F389D600FB075E /* BatchReporterDemoTests.m */,
				A0B8B45E19F389D600FB075E /* Supporting Files */,
			);
			path = BatchReporterDemoTests;
			sourceTree = "<group>";
		};
		A0B8B45E19F389D600FB075E /* Supporting Files */ = {
			isa = PBXGroup;
			children = (
				A0B8B45F19F389D600FB075E /* Info.plist */,
			);
			name = "Supporting Files";
			sourceTree = "<group>";
		};
		A0B8B46D19F38ADC00FB075E /* LogReporter */ = {
			isa = PBXGroup;
			children = (
				A0B8B46A19F38AD800FB075E /* KBLogReporterService.h */,
				A0B8B46B19F38AD800FB075E /* KBLogReporterService.m */,
				A0B8B47119F3907200FB075E /* KBLogReporterFetcher.h */,
				A0B8B47219F3907200FB075E /* KBLogReporterFetcher.m */,
				A0B8B46E19F38BFB00FB075E /* KBLogEntity.h */,
				A0B8B46F19F38BFB00FB075E /* KBLogEntity.m */,
			);
			name = LogReporter;
			sourceTree = "<group>";
		};
/* End PBXGroup section */

/* Begin PBXNativeTarget section */
		A0B8B44019F389D600FB075E /* BatchReporterDemo */ = {
			isa = PBXNativeTarget;
			buildConfigurationList = A0B8B46419F389D600FB075E /* Build configuration list for PBXNativeTarget "BatchReporterDemo" */;
			buildPhases = (
				A0B8B43D19F389D600FB075E /* Sources */,
				A0B8B43E19F389D600FB075E /* Frameworks */,
				A0B8B43F19F389D600FB075E /* Resources */,
			);
			buildRules = (
			);
			dependencies = (
			);
			name = BatchReporterDemo;
			productName = BatchReporterDemo;
			productReference = A0B8B44119F389D600FB075E /* BatchReporterDemo.app */;
			productType = "com.apple.product-type.application";
		};
		A0B8B45919F389D600FB075E /* BatchReporterDemoTests */ = {
			isa = PBXNativeTarget;
			buildConfigurationList = A0B8B46719F389D600FB075E /* Build configuration list for PBXNativeTarget "BatchReporterDemoTests" */;
			buildPhases = (
				A0B8B45619F389D600FB075E /* Sources */,
				A0B8B45719F389D600FB075E /* Frameworks */,
				A0B8B45819F389D600FB075E /* Resources */,
			);
			buildRules = (
			);
			dependencies = (
				A0B8B45C19F389D600FB075E /* PBXTargetDependency */,
			);
			name = BatchReporterDemoTests;
			productName = BatchReporterDemoTests;
			productReference = A0B8B45A19F389D600FB075E /* BatchReporterDemoTests.xctest */;
			productType = "com.apple.product-type.bundle.unit-test";
		};
/* End PBXNativeTarget section */

/* Begin PBXProject section */
		A0B8B43919F389D600FB075E /* Project object */ = {
			isa = PBXProject;
			attributes = {
				LastUpgradeCheck = 0600;
				ORGANIZATIONNAME = "Ko Bluewater";
				TargetAttributes = {
					A0B8B44019F389D600FB075E = {
						CreatedOnToolsVersion = 6.0.1;
					};
					A0B8B45919F389D600FB075E = {
						CreatedOnToolsVersion = 6.0.1;
						TestTargetID = A0B8B44019F389D600FB075E;
					};
				};
			};
			buildConfigurationList = A0B8B43C19F389D600FB075E /* Build configuration list for PBXProject "BatchReporterDemo" */;
			compatibilityVersion = "Xcode 3.2";
			developmentRegion = English;
			hasScannedForEncodings = 0;
			knownRegions = (
				en,
				Base,
			);
			mainGroup = A0B8B43819F389D600FB075E;
			productRefGroup = A0B8B44219F389D600FB075E /* Products */;
			projectDirPath = "";
			projectRoot = "";
			targets = (
				A0B8B44019F389D600FB075E /* BatchReporterDemo */,
				A0B8B45919F389D600FB075E /* BatchReporterDemoTests */,
			);
		};
/* End PBXProject section */

/* Begin PBXResourcesBuildPhase section */
		A0B8B43F19F389D600FB075E /* Resources */ = {
			isa = PBXResourcesBuildPhase;
			buildActionMask = 2147483647;
			files = (
				A0B8B45019F389D600FB075E /* Main.storyboard in Resources */,
				A0B8B45519F389D600FB075E /* LaunchScreen.xib in Resources */,
				A0B8B45219F389D600FB075E /* Images.xcassets in Resources */,
			);
			runOnlyForDeploymentPostprocessing = 0;
		};
		A0B8B45819F389D600FB075E /* Resources */ = {
			isa = PBXResourcesBuildPhase;
			buildActionMask = 2147483647;
			files = (
			);
			runOnlyForDeploymentPostprocessing = 0;
		};
/* End PBXResourcesBuildPhase section */

/* Begin PBXSourcesBuildPhase section */
		A0B8B43D19F389D600FB075E /* Sources */ = {
			isa = PBXSourcesBuildPhase;
			buildActionMask = 2147483647;
			files = (
				A0B8B46C19F38AD800FB075E /* KBLogReporterService.m in Sources */,
				A0B8B44D19F389D600FB075E /* ViewController.m in Sources */,
				A0B8B44A19F389D600FB075E /* AppDelegate.m in Sources */,
				A0B8B47019F38BFB00FB075E /* KBLogEntity.m in Sources */,
				A0B8B47319F3907200FB075E /* KBLogReporterFetcher.m in Sources */,
				A0B8B44719F389D600FB075E /* main.m in Sources */,
			);
			runOnlyForDeploymentPostprocessing = 0;
		};
		A0B8B45619F389D600FB075E /* Sources */ = {
			isa = PBXSourcesBuildPhase;
			buildActionMask = 2147483647;
			files = (
				A0B8B46119F389D600FB075E /* BatchReporterDemoTests.m in Sources */,
			);
			runOnlyForDeploymentPostprocessing = 0;
		};
/* End PBXSourcesBuildPhase section */

/* Begin PBXTargetDependency section */
		A0B8B45C19F389D600FB075E /* PBXTargetDependency */ = {
			isa = PBXTargetDependency;
			target = A0B8B44019F389D600FB075E /* BatchReporterDemo */;
			targetProxy = A0B8B45B19F389D600FB075E /* PBXContainerItemProxy */;
		};
/* End PBXTargetDependency section */

/* Begin PBXVariantGroup section */
		A0B8B44E19F389D600FB075E /* Main.storyboard */ = {
			isa = PBXVariantGroup;
			children = (
				A0B8B44F19F389D600FB075E /* Base */,
			);
			name = Main.storyboard;
			sourceTree = "<group>";
		};
		A0B8B45319F389D600FB075E /* LaunchScreen.xib */ = {
			isa = PBXVariantGroup;
			children = (
				A0B8B45419F389D600FB075E /* Base */,
			);
			name = LaunchScreen.xib;
			sourceTree = "<group>";
		};
/* End PBXVariantGroup section */

/* Begin XCBuildConfiguration section */
		A0B8B46219F389D600FB075E /* Debug */ = {
			isa = XCBuildConfiguration;
			buildSettings = {
				ALWAYS_SEARCH_USER_PATHS = NO;
				CLANG_CXX_LANGUAGE_STANDARD = "gnu++0x";
				CLANG_CXX_LIBRARY = "libc++";
				CLANG_ENABLE_MODULES = YES;
				CLANG_ENABLE_OBJC_ARC = YES;
				CLANG_WARN_BOOL_CONVERSION = YES;
				CLANG_WARN_CONSTANT_CONVERSION = YES;
				CLANG_WARN_DIRECT_OBJC_ISA_USAGE = YES_ERROR;
				CLANG_WARN_EMPTY_BODY = YES;
				CLANG_WARN_ENUM_CONVERSION = YES;
				CLANG_WARN_INT_CONVERSION = YES;
				CLANG_WARN_OBJC_ROOT_CLASS = YES_ERROR;
				CLANG_WARN_UNREACHABLE_CODE = YES;
				CLANG_WARN__DUPLICATE_METHOD_MATCH = YES;
				"CODE_SIGN_IDENTITY[sdk=iphoneos*]" = "iPhone Developer";
				COPY_PHASE_STRIP = NO;
				ENABLE_STRICT_OBJC_MSGSEND = YES;
				GCC_C_LANGUAGE_STANDARD = gnu99;
				GCC_DYNAMIC_NO_PIC = NO;
				GCC_OPTIMIZATION_LEVEL = 0;
				GCC_PREPROCESSOR_DEFINITIONS = (
					"DEBUG=1",
					"$(inherited)",
				);
				GCC_SYMBOLS_PRIVATE_EXTERN = NO;
				GCC_WARN_64_TO_32_BIT_CONVERSION = YES;
				GCC_WARN_ABOUT_RETURN_TYPE = YES_ERROR;
				GCC_WARN_UNDECLARED_SELECTOR = YES;
				GCC_WARN_UNINITIALIZED_AUTOS = YES_AGGRESSIVE;
				GCC_WARN_UNUSED_FUNCTION = YES;
				GCC_WARN_UNUSED_VARIABLE = YES;
				IPHONEOS_DEPLOYMENT_TARGET = 8.0;
				MTL_ENABLE_DEBUG_INFO = YES;
				ONLY_ACTIVE_ARCH = YES;
				SDKROOT = iphoneos;
			};
			name = Debug;
		};
		A0B8B46319F389D600FB075E /* Release */ = {
			isa = XCBuildConfiguration;
			buildSettings = {
				ALWAYS_SEARCH_USER_PATHS = NO;
				CLANG_CXX_LANGUAGE_STANDARD = "gnu++0x";
				CLANG_CXX_LIBRARY = "libc++";
				CLANG_ENABLE_MODULES = YES;
				CLANG_ENABLE_OBJC_ARC = YES;
				CLANG_WARN_BOOL_CONVERSION = YES;
				CLANG_WARN_CONSTANT_CONVERSION = YES;
				CLANG_WARN_DIRECT_OBJC_ISA_USAGE = YES_ERROR;
				CLANG_WARN_EMPTY_BODY = YES;
				CLANG_WARN_ENUM_CONVERSION = YES;
				CLANG_WARN_INT_CONVERSION = YES;
				CLANG_WARN_OBJC_ROOT_CLASS = YES_ERROR;
				CLANG_WARN_UNREACHABLE_CODE = YES;
				CLANG_WARN__DUPLICATE_METHOD_MATCH = YES;
				"CODE_SIGN_IDENTITY[sdk=iphoneos*]" = "iPhone Developer";
				COPY_PHASE_STRIP = YES;
				ENABLE_NS_ASSERTIONS = NO;
				ENABLE_STRICT_OBJC_MSGSEND = YES;
				GCC_C_LANGUAGE_STANDARD = gnu99;
				GCC_WARN_64_TO_32_BIT_CONVERSION = YES;
				GCC_WARN_ABOUT_RETURN_TYPE = YES_ERROR;
				GCC_WARN_UNDECLARED_SELECTOR = YES;
				GCC_WARN_UNINITIALIZED_AUTOS = YES_AGGRESSIVE;
				GCC_WARN_UNUSED_FUNCTION = YES;
				GCC_WARN_UNUSED_VARIABLE = YES;
				IPHONEOS_DEPLOYMENT_TARGET = 8.0;
				MTL_ENABLE_DEBUG_INFO = NO;
				SDKROOT = iphoneos;
				VALIDATE_PRODUCT = YES;
			};
			name = Release;
		};
		A0B8B46519F389D600FB075E /* Debug */ = {
			isa = XCBuildConfiguration;
			buildSettings = {
				ASSETCATALOG_COMPILER_APPICON_NAME = AppIcon;
				INFOPLIST_FILE = BatchReporterDemo/Info.plist;
				LD_RUNPATH_SEARCH_PATHS = "$(inherited) @executable_path/Frameworks";
				PRODUCT_NAME = "$(TARGET_NAME)";
			};
			name = Debug;
		};
		A0B8B46619F389D600FB075E /* Release */ = {
			isa = XCBuildConfiguration;
			buildSettings = {
				ASSETCATALOG_COMPILER_APPICON_NAME = AppIcon;
				INFOPLIST_FILE = BatchReporterDemo/Info.plist;
				LD_RUNPATH_SEARCH_PATHS = "$(inherited) @executable_path/Frameworks";
				PRODUCT_NAME = "$(TARGET_NAME)";
			};
			name = Release;
		};
		A0B8B46819F389D600FB075E /* Debug */ = {
			isa = XCBuildConfiguration;
			buildSettings = {
				BUNDLE_LOADER = "$(TEST_HOST)";
				FRAMEWORK_SEARCH_PATHS = (
					"$(SDKROOT)/Developer/Library/Frameworks",
					"$(inherited)",
				);
				GCC_PREPROCESSOR_DEFINITIONS = (
					"DEBUG=1",
					"$(inherited)",
				);
				INFOPLIST_FILE = BatchReporterDemoTests/Info.plist;
				LD_RUNPATH_SEARCH_PATHS = "$(inherited) @executable_path/Frameworks @loader_path/Frameworks";
				PRODUCT_NAME = "$(TARGET_NAME)";
				TEST_HOST = "$(BUILT_PRODUCTS_DIR)/BatchReporterDemo.app/BatchReporterDemo";
			};
			name = Debug;
		};
		A0B8B46919F389D600FB075E /* Release */ = {
			isa = XCBuildConfiguration;
			buildSettings = {
				BUNDLE_LOADER = "$(TEST_HOST)";
				FRAMEWORK_SEARCH_PATHS = (
					"$(SDKROOT)/Developer/Library/Frameworks",
					"$(inherited)",
				);
				INFOPLIST_FILE = BatchReporterDemoTests/Info.plist;
				LD_RUNPATH_SEARCH_PATHS = "$(inherited) @executable_path/Frameworks @loader_path/Frameworks";
				PRODUCT_NAME = "$(TARGET_NAME)";
				TEST_HOST = "$(BUILT_PRODUCTS_DIR)/BatchReporterDemo.app/BatchReporterDemo";
			};
			name = Release;
		};
/* End XCBuildConfiguration section */

/* Begin XCConfigurationList section */
		A0B8B43C19F389D600FB075E /* Build configuration list for PBXProject "BatchReporterDemo" */ = {
			isa = XCConfigurationList;
			buildConfigurations = (
				A0B8B46219F389D600FB075E /* Debug */,
				A0B8B46319F389D600FB075E /* Release */,
			);
			defaultConfigurationIsVisible = 0;
			defaultConfigurationName = Release;
		};
		A0B8B46419F389D600FB075E /* Build configuration list for PBXNativeTarget "BatchReporterDemo" */ = {
			isa = XCConfigurationList;
			buildConfigurations = (
				A0B8B46519F389D600FB075E /* Debug */,
				A0B8B46619F389D600FB075E /* Release */,
			);
			defaultConfigurationIsVisible = 0;
		};
		A0B8B46719F389D600FB075E /* Build configuration list for PBXNativeTarget "BatchReporterDemoTests" */ = {
			isa = XCConfigurationList;
			buildConfigurations = (
				A0B8B46819F389D600FB075E /* Debug */,
				A0B8B46919F389D600FB075E /* Release */,
			);
			defaultConfigurationIsVisible = 0;
		};
/* End XCConfigurationList section */
	};
	rootObject = A0B8B43919F389D600FB075E /* Project object */;
}
